{
  "name": "vue2-simple-calendar",
  "version": "0.0.19",
  "lockfileVersion": 1,
  "requires": true,
  "dependencies": {
    "vue-trans": {
      "version": "0.0.3",
      "resolved": "https://registry.npmjs.org/vue-trans/-/vue-trans-0.0.3.tgz",
      "integrity": "sha512-v/sx6xHYAKoXY2ir4eujiRvDxbgyqL4S9POVpnanIC/GK7I65WdcrKMGmqCAha3Fp+CS4OGyH3433el8p0cIXA=="
    }
  }
}
